
Microsoft Visual Studio Solution File, Format Version 12.00
# Visual Studio 2013
VisualStudioVersion = 12.0.40629.0
MinimumVisualStudioVersion = 10.0.40219.1
Project("{FAE04EC0-301F-11D3-BF4B-00C04F79EFBC}") = "HappyCashier.Domain", "HappyCashier.Domain\HappyCashier.Domain.csproj", "{C8FC0CA7-02DC-4272-980F-83378773FFCF}"
EndProject
Project("{FAE04EC0-301F-11D3-BF4B-00C04F79EFBC}") = "HappyCashier.Presenter", "HappyCashier.Presenter\HappyCashier.Presenter.csproj", "{3A2AEB94-8CF6-4DE6-B1F5-E0C49EC29F6F}"
EndProject
Project("{FAE04EC0-301F-11D3-BF4B-00C04F79EFBC}") = "HappyCashier.View", "HappyCashier.View\HappyCashier.View.csproj", "{4F35453A-7E97-47CD-9AA1-5E147C0D2476}"
EndProject
Project("{FAE04EC0-301F-11D3-BF4B-00C04F79EFBC}") = "HappyCashier.UnitTests", "HappyCashier.UnitTests\HappyCashier.UnitTests.csproj", "{1511DDB1-7248-4250-A5C7-EFB19D6ED143}"
EndProject
Global
	GlobalSection(SolutionConfigurationPlatforms) = preSolution
		Debug|Any CPU = Debug|Any CPU
		Release|Any CPU = Release|Any CPU
	EndGlobalSection
	GlobalSection(ProjectConfigurationPlatforms) = postSolution
		{C8FC0CA7-02DC-4272-980F-83378773FFCF}.Debug|Any CPU.ActiveCfg = Debug|Any CPU
		{C8FC0CA7-02DC-4272-980F-83378773FFCF}.Debug|Any CPU.Build.0 = Debug|Any CPU
		{C8FC0CA7-02DC-4272-980F-83378773FFCF}.Release|Any CPU.ActiveCfg = Release|Any CPU
		{C8FC0CA7-02DC-4272-980F-83378773FFCF}.Release|Any CPU.Build.0 = Release|Any CPU
		{3A2AEB94-8CF6-4DE6-B1F5-E0C49EC29F6F}.Debug|Any CPU.ActiveCfg = Debug|Any CPU
		{3A2AEB94-8CF6-4DE6-B1F5-E0C49EC29F6F}.Debug|Any CPU.Build.0 = Debug|Any CPU
		{3A2AEB94-8CF6-4DE6-B1F5-E0C49EC29F6F}.Release|Any CPU.ActiveCfg = Release|Any CPU
		{3A2AEB94-8CF6-4DE6-B1F5-E0C49EC29F6F}.Release|Any CPU.Build.0 = Release|Any CPU
		{4F35453A-7E97-47CD-9AA1-5E147C0D2476}.Debug|Any CPU.ActiveCfg = Debug|Any CPU
		{4F35453A-7E97-47CD-9AA1-5E147C0D2476}.Debug|Any CPU.Build.0 = Debug|Any CPU
		{4F35453A-7E97-47CD-9AA1-5E147C0D2476}.Release|Any CPU.ActiveCfg = Release|Any CPU
		{4F35453A-7E97-47CD-9AA1-5E147C0D2476}.Release|Any CPU.Build.0 = Release|Any CPU
		{1511DDB1-7248-4250-A5C7-EFB19D6ED143}.Debug|Any CPU.ActiveCfg = Debug|Any CPU
		{1511DDB1-7248-4250-A5C7-EFB19D6ED143}.Debug|Any CPU.Build.0 = Debug|Any CPU
		{1511DDB1-7248-4250-A5C7-EFB19D6ED143}.Release|Any CPU.ActiveCfg = Release|Any CPU
		{1511DDB1-7248-4250-A5C7-EFB19D6ED143}.Release|Any CPU.Build.0 = Release|Any CPU
	EndGlobalSection
	GlobalSection(SolutionProperties) = preSolution
		HideSolutionNode = FALSE
	EndGlobalSection
EndGlobal
